
Microsoft Visual Studio Solution File, Format Version 12.00
Project("{FAE04EC0-301F-11D3-BF4B-00C04F79EFBC}") = "t_tracker_app", "t_tracker_app\t_tracker_app.csproj", "{39B739BC-972B-45C8-9278-C6A949F93780}"
EndProject
Project("{FAE04EC0-301F-11D3-BF4B-00C04F79EFBC}") = "t_tracker_app.Tests", "t_tracker_app.Tests\t_tracker_app.Tests.csproj", "{85D5FAA9-3209-446C-901B-EC11C7E832AA}"
EndProject
Project("{FAE04EC0-301F-11D3-BF4B-00C04F79EFBC}") = "t_tracker_app.core", "t_tracker_app.core\t_tracker_app.core.csproj", "{861EFC35-4DF8-4A65-98BE-46D5D77C0231}"
EndProject
Project("{9A19103F-16F7-4668-BE54-9A1E7A4F7556}") = "t_tracker_ui", "t_tracker_ui\t_tracker_ui\t_tracker_ui.csproj", "{E106AC41-4AC2-4F34-AE57-E4C1062D4720}"
EndProject
Global
	GlobalSection(SolutionConfigurationPlatforms) = preSolution
		Debug|Any CPU = Debug|Any CPU
		Release|Any CPU = Release|Any CPU
	EndGlobalSection
	GlobalSection(ProjectConfigurationPlatforms) = postSolution
		{39B739BC-972B-45C8-9278-C6A949F93780}.Debug|Any CPU.ActiveCfg = Debug|Any CPU
		{39B739BC-972B-45C8-9278-C6A949F93780}.Debug|Any CPU.Build.0 = Debug|Any CPU
		{39B739BC-972B-45C8-9278-C6A949F93780}.Release|Any CPU.ActiveCfg = Release|Any CPU
		{39B739BC-972B-45C8-9278-C6A949F93780}.Release|Any CPU.Build.0 = Release|Any CPU
		{85D5FAA9-3209-446C-901B-EC11C7E832AA}.Debug|Any CPU.ActiveCfg = Debug|Any CPU
		{85D5FAA9-3209-446C-901B-EC11C7E832AA}.Debug|Any CPU.Build.0 = Debug|Any CPU
		{85D5FAA9-3209-446C-901B-EC11C7E832AA}.Release|Any CPU.ActiveCfg = Release|Any CPU
		{85D5FAA9-3209-446C-901B-EC11C7E832AA}.Release|Any CPU.Build.0 = Release|Any CPU
		{861EFC35-4DF8-4A65-98BE-46D5D77C0231}.Debug|Any CPU.ActiveCfg = Debug|Any CPU
		{861EFC35-4DF8-4A65-98BE-46D5D77C0231}.Debug|Any CPU.Build.0 = Debug|Any CPU
		{861EFC35-4DF8-4A65-98BE-46D5D77C0231}.Release|Any CPU.ActiveCfg = Release|Any CPU
		{861EFC35-4DF8-4A65-98BE-46D5D77C0231}.Release|Any CPU.Build.0 = Release|Any CPU
		{E106AC41-4AC2-4F34-AE57-E4C1062D4720}.Debug|Any CPU.ActiveCfg = Debug|x86
		{E106AC41-4AC2-4F34-AE57-E4C1062D4720}.Debug|Any CPU.Build.0 = Debug|x86
		{E106AC41-4AC2-4F34-AE57-E4C1062D4720}.Release|Any CPU.ActiveCfg = Release|x86
		{E106AC41-4AC2-4F34-AE57-E4C1062D4720}.Release|Any CPU.Build.0 = Release|x86
	EndGlobalSection
EndGlobal
